[container]
image = "docker.io/library/archlinux@sha256:1f83ba0580a15cd6ad1d02d62ad432ddc940f53f07d0e39c8982d6c9c74e53e0"

[[package]]
name = "archlinux-keyring"
version = "20231222-1"
system = "archlinux"
url = "https://archive.archlinux.org/packages/a/archlinux-keyring/archlinux-keyring-20231222-1-any.pkg.tar.zst"
sha256 = "515c7ac4f6bdf66625e9e063a9769d5c69bbe2d2584934364f8dc0fc62100427"
signature = "iHUEABYKAB0WIQQEKYl95fO9rFN6MGltQr3RFuAGjwUCZYXgtwAKCRBtQr3RFuAGjyjYAQC/HMT5WJpbzmqlgwF22ArBQuLlkaGEAvSB/lCqifoC8QD/WqhBvutt+H/0cCMOQBiN0ir8CVJjDXGzs4M0+GNybwk="

[[package]]
name = "bash"
version = "5.2.021-1"
system = "archlinux"
url = "https://archive.archlinux.org/packages/b/bash/bash-5.2.021-1-x86_64.pkg.tar.zst"
sha256 = "e032825d55074b780840509ec57185b0429bc2e6642261e104e989e4e9b596c2"
signature = "iQEzBAABCAAdFiEEW34/txt/EDKaHAOrdx32Yn7faB8FAmVeHuYACgkQdx32Yn7faB9z+Qf9EGTR2GzyePyL9LEO8XEjCkTQI6UBRvc7+p840DtdfzWUviCtfM31rc+Nzg3qY+8GLfgKeymzsD+KBngurjv1t3zX1Elu9P9Sem801gsywWdQgSUu5xhGPRK+vQPCRFnOYufqICw+BmDhuXQDullC7rEL2zKVngzGAwkn98BfJdYqY25KvEIMtvXlUpvB3tUxU0OPq+tFnUFvBXS6PSp7eXBoy+NDutsXulm8R2e3QmCl+m65P4sDDhR7/JCx69uQB+Uu0oZbWYpT43FsvTsfE4ELJQxstVSKnRhA8eDCXcetnOtK5Qd3a2iasM4IIMrgA4KHM0qgFccIS0jlpeObjg=="

[[package]]
name = "binutils"
version = "2.41-3"
system = "archlinux"
url = "https://archive.archlinux.org/packages/b/binutils/binutils-2.41-3-x86_64.pkg.tar.zst"
sha256 = "b921c57f7847a3daa4025c961cfa573f1f5244e9f84e673edba4fc4fbfd09a70"
signature = "iNUEABYKAH0WIQQFx3danouXdAf+COadTFqhVCbaCgUCZM0fcl8UgAAAAAAuAChpc3N1ZXItZnByQG5vdGF0aW9ucy5vcGVucGdwLmZpZnRoaG9yc2VtYW4ubmV0MDVDNzc3NUE5RThCOTc3NDA3RkUwOEU2OUQ0QzVBQTE1NDI2REEwQQAKCRCdTFqhVCbaCjWSAP90OJtRaSrRM6tQAaNseK66rjp/UNeexmEGKk3hVSAHOQEApYk913azGyXlSJCDu6NpPJXII1BcBnuR/62p4KpSuwU="

[[package]]
name = "ca-certificates-mozilla"
version = "3.96.1-1"
system = "archlinux"
url = "https://archive.archlinux.org/packages/c/ca-certificates-mozilla/ca-certificates-mozilla-3.96.1-1-x86_64.pkg.tar.zst"
sha256 = "ca867fe4a40b718200f359b2512070cc46b1aaa1ae557f1ab18eca4c65127af8"
signature = "iHUEABYKAB0WIQQGaHodnU+rCLUP2Ss7lKgOUKR3xwUCZYI0AgAKCRA7lKgOUKR3x9K2AP9Pqn60EK9PIHnmTAn3+lFxy3tviU3wc5Vb4QllEYE44AEAofvLxQGhkMQE8fLTjA+rvJhjkbn503b3ZUsQydsmgQI="

[[package]]
name = "curl"
version = "8.5.0-1"
system = "archlinux"
url = "https://archive.archlinux.org/packages/c/curl/curl-8.5.0-1-x86_64.pkg.tar.zst"
sha256 = "e64768d29581b95ec8c6aec31560d23f3b11ca89685d73a5956f34412ccae45f"
signature = "iHUEABYKAB0WIQQEKYl95fO9rFN6MGltQr3RFuAGjwUCZXBA8gAKCRBtQr3RFuAGj98kAQDAJAB6FmwepbDWl3bwUguynlb6ntv0UukdfcvkSlJy8AD+MqtolMKM7j0KpudM4VIfc7+o2xVImdHMLr31Zaj03gE="

[[package]]
name = "gc"
version = "8.2.4-1"
system = "archlinux"
url = "https://archive.archlinux.org/packages/g/gc/gc-8.2.4-1-x86_64.pkg.tar.zst"
sha256 = "08da155927714ae799c9c5ec7c574f4e88a85b47873d2613a0afe35c635aa8cc"
signature = "iNUEABYKAH0WIQQFx3danouXdAf+COadTFqhVCbaCgUCZHH0pV8UgAAAAAAuAChpc3N1ZXItZnByQG5vdGF0aW9ucy5vcGVucGdwLmZpZnRoaG9yc2VtYW4ubmV0MDVDNzc3NUE5RThCOTc3NDA3RkUwOEU2OUQ0QzVBQTE1NDI2REEwQQAKCRCdTFqhVCbaCpMFAQDS7j8y2YPGnIuUh9OJkh3PE5EjNpRhLmcOHlMkQe/bFwEAmBv3KFkpYFqtKwLLs+Xe66WOGMZKvWMeZv08dB93SQw="

[[package]]
name = "gcc"
version = "13.2.1-3"
system = "archlinux"
url = "https://archive.archlinux.org/packages/g/gcc/gcc-13.2.1-3-x86_64.pkg.tar.zst"
sha256 = "c28a0e0c90a9f2c946b0e3c969742eb872229bb352c44e943e6aa101f60c7d04"
signature = "iNUEABYKAH0WIQQFx3danouXdAf+COadTFqhVCbaCgUCZMoUtF8UgAAAAAAuAChpc3N1ZXItZnByQG5vdGF0aW9ucy5vcGVucGdwLmZpZnRoaG9yc2VtYW4ubmV0MDVDNzc3NUE5RThCOTc3NDA3RkUwOEU2OUQ0QzVBQTE1NDI2REEwQQAKCRCdTFqhVCbaCouZAP0YU8C2MiqVEgJF2sJUVBTjphdU5qfPLTH4wTfrqYaJ6wEAiFydzaI9ORiQYQ9Y4SH6aHBD6S4BN+gnm0FjDCWMxgk="

[[package]]
name = "gettext"
version = "0.22.4-1"
system = "archlinux"
url = "https://archive.archlinux.org/packages/g/gettext/gettext-0.22.4-1-x86_64.pkg.tar.zst"
sha256 = "5f5a42559de23b14cd44ff7108c5e39c1adfe2d37a7a83283ed6279c07f16981"
signature = "iQEzBAABCAAdFiEEW34/txt/EDKaHAOrdx32Yn7faB8FAmVbVLsACgkQdx32Yn7faB/lzQf7BqfqObjgvutz7fcU6+vQqzNtzO+mpwuMkTymYi4iQOW+8ybu6peeCjq4olHaUH0VMwvgJa11tne3yvQSs1MDr6a1S0+wUVHu+jRw9Sau/PIh8WiA5Zi5KQRiNySbLmBAly0cwNMgd0E8/FGsR3nieL3yITCZ1o31prKeGcFEriEZ7Cck8VW704ifl+PnSvwFfnYjluNumWD2yKyTnKY3mDTeZXFUk8frsg8GJWzdbE40p+hw+s4Yby14J7sMgLNRzTm7gHlYwG+au2PPKzzlT+Xgoc2jK92Gy5KEcLiBqKufZ55BWwVpGN2vRcm8yEY3gvreBbfZ6GpRYSJn5v8oXQ=="

[[package]]
name = "glib2"
version = "2.78.3-1"
system = "archlinux"
url = "https://archive.archlinux.org/packages/g/glib2/glib2-2.78.3-1-x86_64.pkg.tar.zst"
sha256 = "0b3c6dacb5172333ad96c9216fa9cc438217e906cba68a1298c598c1dfeb215a"
signature = "iHUEABYKAB0WIQQGaHodnU+rCLUP2Ss7lKgOUKR3xwUCZXGDWwAKCRA7lKgOUKR3xwYRAQCqblgtg10muVg42vygiqBnWVCG0zKVR3lOPVTnA2SrdgEAkF9Txzjio7o6fL8Wokr9upR1dTwKBcY7lTzEXvciZAM="

[[package]]
name = "gnupg"
version = "2.4.3-2"
system = "archlinux"
url = "https://archive.archlinux.org/packages/g/gnupg/gnupg-2.4.3-2-x86_64.pkg.tar.zst"
sha256 = "ce647c519900647e5d4319e7709b9cde38da89db228a5f8e05797491eb41a5e4"
signature = "iHUEABYKAB0WIQRizHP4hOUpV7L92IObeih9mi7GCAUCZWZpgwAKCRCbeih9mi7GCCwsAP0SppEOWYhpVW2vrfG1fUVzeAjUIjmQKclwD61aGWAq8gD9ER4+H3zt4Wonx/wDFwHKyhJLc/yE3Lu7sSBxoaVhewY="

[[package]]
name = "gnutls"
version = "3.8.2-1"
system = "archlinux"
url = "https://archive.archlinux.org/packages/g/gnutls/gnutls-3.8.2-1-x86_64.pkg.tar.zst"
sha256 = "6a09965211bbea1d52948e80df3bb2bd43690aaa6aec480bf5c4afa7c018e671"
signature = "iQEzBAABCgAdFiEErcih/MFeAdRTEEGelGV6sg8qCSsFAmVVKAEACgkQlGV6sg8qCStcbwgAgdkm0qrL+n+2BwoHubrE3OKRWQ+oVSmyvVLucmBXWaL9rVNcjzFt+5ItWktJ9rY6GWZB+3knv369woUR+CuwkHjn8y69cjzgCdmjsOMQlXjrNQstTmoZfx/yl4dRbDNoBByGQF15vCuWZWMo08ukzmVWbApvhv5pff6hiCBwMk+38HlOPuQpKWsQkqg0G2x3iFynMcNqS+zecaoUMAky3CX4sRhEJmEi/8IJWBuqaGVA58gzkZIUHqQXRnj12IxBcAzad5KGYkbxkAn6Y6W9JO/+NTkCrzrCxsZ+ijWjTbeGs94w2Dzq4NgxWdt+28vrLrGlNdi7ETRDW5sdAZUMEg=="

[[package]]
name = "gpgme"
version = "1.23.2-1"
system = "archlinux"
url = "https://archive.archlinux.org/packages/g/gpgme/gpgme-1.23.2-1-x86_64.pkg.tar.zst"
sha256 = "ecb2ff7fe76932cb0cdb137532edefca4da4fcb2d22f25c59e489a6a2e995159"
signature = "iHUEABYIAB0WIQQEKYl95fO9rFN6MGltQr3RFuAGjwUCZWYXxQAKCRBtQr3RFuAGjwxNAQD1PXXjU6JgOK2XDIMR7GYZQbaPGmNOsMcafNLtnb1IZAD/bAcEKXCST7BXVaqpJcM++7GLNeYkqfLGndi3VLtFfAU="

[[package]]
name = "guile"
version = "3.0.9-1"
system = "archlinux"
url = "https://archive.archlinux.org/packages/g/guile/guile-3.0.9-1-x86_64.pkg.tar.zst"
sha256 = "1c17a7b5c3c9c6ca580c76b36080603587bd2dc39a2c3cb0f07d755da05126ab"
signature = "iNUEABYKAH0WIQQFx3danouXdAf+COadTFqhVCbaCgUCY9Gy3F8UgAAAAAAuAChpc3N1ZXItZnByQG5vdGF0aW9ucy5vcGVucGdwLmZpZnRoaG9yc2VtYW4ubmV0MDVDNzc3NUE5RThCOTc3NDA3RkUwOEU2OUQ0QzVBQTE1NDI2REEwQQAKCRCdTFqhVCbaCt5aAQDMcoBQsIEeLWacejGD+7TLT6F3Nu1Q3KDaNAZojqkwmQEAsvIVi/edva/VSJY9fHvmrcdV7jJrRjqglpWinxuWPQI="

[[package]]
name = "hwdata"
version = "0.377-1"
system = "archlinux"
url = "https://archive.archlinux.org/packages/h/hwdata/hwdata-0.377-1-any.pkg.tar.zst"
sha256 = "2e0933718eff1fec5c7f12d9385b90f96e9c3be67c84f4514812da8bcd65ae02"
signature = "iQEzBAABCAAdFiEEW34/txt/EDKaHAOrdx32Yn7faB8FAmV0HSEACgkQdx32Yn7faB9+NAf/bE/rbeOdzD5c/o6FgByf0qt5q2chjFkjN1AK2KM2wFkqiinmkzOZNSGs24ZwClC4+Q6tTCZf95x7mz54AR073zHRGeW1X9btbbIlNqGqe19+kDwD8FcrGNoxfxI4yF8+TJ1cSghZOX6Awx+PG1CrgT/hzqJpsgN6/C7NtC1GRfjIY57OX07vP4vfEMi/RLYFTewm/DHenMJKXG/NXyROSJW7R2hNLsArI1+BbWajFtdesMFPCYZ3PIF6f4wKmqUCmNsZKjdzxCV4mh5htfqo+Mv3mS0MF3zsd9CmKgwZhWYmZ9jlmQCZtJC3fGzLIihwAZ4U0vcXkf7IHMr2cjGDiA=="

[[package]]
name = "iana-etc"
version = "20231117-1"
system = "archlinux"
url = "https://archive.archlinux.org/packages/i/iana-etc/iana-etc-20231117-1-any.pkg.tar.zst"
sha256 = "95d751b80c0dd458db748630ed631e1c8f8ed35ef4cd5e9589d586a312fb4898"
signature = "iQEzBAABCgAdFiEE5JnHn1PJalTlcv7hwGCGM3xQdz4FAmVaEDEACgkQwGCGM3xQdz6nxwgAps6ZGg+27InB+uFzzJ9ha44HR/aReLOSoBLPLyh/8Xy0Q8b/cPk0XD+6XY1QvB4czDNew0wHymbdeP8SVFYMvd6yuBnL/TWrb+5f4fwkAvM9sMY5hCOYMolRRz5W5+jC/3y2rv0lfBR+bvcAUFS1Iez5vISJnwO0CyG5ohkJhC2KY6d1a/o/aWMrjbQZ7b7GZiBRuTu8FU0Y9V+gyMNiyrAN+AUx3d5A6teezejmzv1gFk/WJddScb/m/OgK5TS2eOMd9MEFGc539Re3E6Kf6GhcWJ0Yo59LPPOo7YNbHa5rMWULket6sZG9UdJz2ElmpiRfAWHZrPrUTxCqqFDlOg=="

[[package]]
name = "icu"
version = "74.2-1"
system = "archlinux"
url = "https://archive.archlinux.org/packages/i/icu/icu-74.2-1-x86_64.pkg.tar.zst"
sha256 = "69aba8c34e163657b8e05b29721a2e4a3ea693e8b3a9619a019dd40ef3d82137"
signature = "iQEzBAABCgAdFiEErcih/MFeAdRTEEGelGV6sg8qCSsFAmV9SjIACgkQlGV6sg8qCStAqQf9HeE3l+3EtibS5z7MKm1o+xlaYciuWnObH1QrUYeh7dTRKJ32wwc0jwLKs7yAghBqpEo+DDfcSyHAxTVNuk9HvOjWQL0QeDodEkuEWBVgNOMILqqogvz1dJKbNmdgvwJDe8oNvl/btV7EGir6rpnWqqPxTyno46qmQBQIlxkjG7cuaW419xUI5V+c7ZW5dEj5tYmm90kAAQpmPv26JCRS86es4fbCVvHRAJDeFmUxNTjBBZSUxa/4vujNWik9iN+YTVWAZG0kUex8884DnPssOG8Vbgf1S8fAEjQZaqon7KVCIXlD3+Ok5xE+57ZmmDrTWb4RQM5T7xTfUxzBr8ICKg=="

[[package]]
name = "iptables"
version = "1:1.8.10-1"
system = "archlinux"
url = "https://archive.archlinux.org/packages/i/iptables/iptables-1:1.8.10-1-x86_64.pkg.tar.zst"
sha256 = "260ae5326f3a2c0d3024e764a8a2d6518e9004e978431f7bce89dafab5cc9bd7"
signature = "iQIzBAABCAAdFiEEtZcfLFwQqaCMYAMPeGxj8zDXy5IFAmVR8S8ACgkQeGxj8zDXy5JayQ//Vy3f5q5+3MkxQ1zVWzFiCN8yQBHnu9voa7R9Vcr2rEUZIRlup1/h7oJx6Ef3WAf47focRBzn2Nckn5yCbiATFKqaH7v+bIkAFhcCORi+FyfvdlV8G2jaZF1E6/LnYzSXhssMrhpVD9lY/HaguLDZbmASwRFMD16d9VT1ZGCFhdeD4eb+ERKFzbPltWkFh+Q7+Hr7C5AcWhONnL1ZlpYe3ll3FWQ1ObMz4DTWT3hYuIXpRS4wpQi79z6+v5peZ6UtdNhrH8QjCMYzE04seZMIaiSxep6wNs/gTYz44rvHrgbB3AJhyP3e6r+Jsxv2xrX4PiIz/p7NWe0rdl90//kPa1Xqcol9cH9Htuo+H32FY3TTs4IY6ibp0fxpVhk6I6Cqp5ansBSs6t+t/AeVWRQLtHb8OU2L0WrtnV7dnPza2nC49jQIS3vI5b5AhY9fmt47z6ZNooIylJM1mufsEZNmZNXUBT3Poi6ToU4O81ZxlVUOvApwjbiCUvsKi0WHfFoTW0xJRnybQuhnMpBzIcPF2x27hCT8xeRHzRdfjLHQpRw2+eqsDLbDK+DHU9uTOxHz3WsA5aXTcRtYKpsyhV6m4OLFq6cHSJHG9dYYHUApKCQI6bOCq3xN7PRgUq1gOkH9tDmyKmr8BgniUMzn6B2VdIEaSoOa7ch63eq03qNTAy0="

[[package]]
name = "iputils"
version = "20231222-2"
system = "archlinux"
url = "https://archive.archlinux.org/packages/i/iputils/iputils-20231222-2-x86_64.pkg.tar.zst"
sha256 = "7fff927dc0a0a94be93a0192c32775cad4e49e807571c744f62aa9cceccf43e8"
signature = "iQEzBAABCAAdFiEEW34/txt/EDKaHAOrdx32Yn7faB8FAmWQdHoACgkQdx32Yn7faB/4PAgAoNAmBAArAOoaFeFMB3IfaUV9ybfLhDSQ3WjPL2uKzum85VrPrkhPS0d7jTBEHCbnM1T0qjT9lkzUwrQ+ExhDoiBtCuPulzIbbqSfOhR78Bh1EpPMEmICf/5QwNo6vz2Tpc2czoHYrDVO5XUvis+JDmxLSGvVIFNmBFh8USC5KVS6vRBHtZVpI/LkoYc1fwRzBT3nnjvgmyTLQ4cf5S7rZpg9YFMcakRERItrLt5iTDaqLSm0e+jV59UauKA85repKydR8CJGkwTpXEqQ8WGEP6U3sOU8uz9v1gkDRIXLlEE2+9Bbjjf+X11s3oinz7qXAx1u+xBEU/i45ESx8K9/Cg=="

[[package]]
name = "jansson"
version = "2.14-2"
system = "archlinux"
url = "https://archive.archlinux.org/packages/j/jansson/jansson-2.14-2-x86_64.pkg.tar.zst"
sha256 = "de45a1cfa23faf16681b9809c4dd375549268b19dd37fe23f96ef8717ac35095"
signature = "iQEzBAABCAAdFiEEFRnVq6Zb9vwrc8dWek52CV2KUuQFAmJyQS8ACgkQek52CV2KUuSqUwf9H9g/0lroLE8fHR7G3Dcy4OILPGZPkt5HOiJBYdnhi0eWJyetHRCSFsMWiZk9HUJHoVbZH28Z3F75UQfI3cWAThSz1HzUMGvEWF/uTpOKENiwY4egQ0pA88eX6kvTt0BuCLA6JZso6VBz2kzYue4uV/B6otdStx6wf6AfDAIha1jWTButBv/pxpAcTJOp157S4Y+NO59NSn672iTm9CQxWcSSo6Bxfimu86kjceXTj/HK+aZ1onjnD7jtOjsrQOBO63thwouju8yNyD/yjeXzOw5KgsZ4c7gu0Wg10MlcM79G2EYXWFbq5/ARxBkEd49fYhDWaPriGz8bO9ri41vGUw=="

[[package]]
name = "kbd"
version = "2.6.4-1"
system = "archlinux"
url = "https://archive.archlinux.org/packages/k/kbd/kbd-2.6.4-1-x86_64.pkg.tar.zst"
sha256 = "6ee6e9bb67a7596b44916fa95282c72ecb1fcb16eebbb9d0f6a52ea700049db6"
signature = "iQEzBAABCAAdFiEEW34/txt/EDKaHAOrdx32Yn7faB8FAmV4nUQACgkQdx32Yn7faB+uoQf/V7VwvrjQwY9joJ8Lyn4dijgqy0jj/BE8BqDDt9C7laHpyL4wJZcnV0GCcuQDcnkkFfIFHjEjtHD0ZexAkqRD9pxzH8zDNymYiF9ph1otT0mhLKXkDL+85SvoDxrVsrwlCP8ubpCvPSyibPhXKXce8DUofkP8cJbaF7XktPxQ0wwf1G8O2e5Y1ybBXuBjWJEW3zzEVvgIt8cvFT7HTpjhBMTIruAULt236RAGmQSmW39vA5tivClmX6rR5eBNvhryiKe+n9odFPNUL8Y3kMP34SyBrpwKm5DoTEiL4no9nDi0mv3L9S5Bb1DEhg7ro+pW1IOaZrCkn3Oubh2aLYK87A=="

[[package]]
name = "krb5"
version = "1.21.2-2"
system = "archlinux"
url = "https://archive.archlinux.org/packages/k/krb5/krb5-1.21.2-2-x86_64.pkg.tar.zst"
sha256 = "6fd26615ae9cf1ced4f0e5c0617b1a62e4f939d1a35390a451eb071102d111ff"
signature = "iQEzBAABCAAdFiEEFRnVq6Zb9vwrc8dWek52CV2KUuQFAmWH5agACgkQek52CV2KUuS8HggAmBA5jcLqsb1LEemeqhKV44XTxeXS5oLCvMIQgmNzCHRnx2dcrXFLBJQPzzwCc/Kd8A6Kvrr/GlCi3NGT2Jn40LaEvqdNjWgQoHzhwybP/lH5CNxnonStfsgqMdJqNdglBYIrWmNSOlT5XI08rkg4hHCkjw5A3gHKc5Ieg2dc693qcNicQLEgPrG6cZlZ6j9BhgVQ8hJ9ZwmVN3ijx0NYI9kxlIJffvXz35RVO5muYmaF1i5NOgwpmBY/jM5QqNVkyzq8OtReLw7qxa7Otk6ctrqkNwLDX1tLzQBkqpzX3IOS27s3ki8TD2IqKtTjB4OOpefWDJsNgHGHibar9cNm5w=="

[[package]]
name = "libbpf"
version = "1.3.0-1"
system = "archlinux"
url = "https://archive.archlinux.org/packages/l/libbpf/libbpf-1.3.0-1-x86_64.pkg.tar.zst"
sha256 = "c0d7ae49ff4f95d41a9077af0f8a432001d35a2695e91c4efc26213b0310ebb1"
signature = "iQEzBAABCAAdFiEEFRnVq6Zb9vwrc8dWek52CV2KUuQFAmV+71YACgkQek52CV2KUuRoOwgAiAmGfi0ON2stw8Sv4t+b2eMpzHfG80QA78DE4++VMZtl+nVnj+IEyM4uiv5uUbgiIBrhDRrLw9YuBTDjfDvqmC0AomlnXxzVH5iVUVvZ6fdhH5LTW9yA3jk+9WcP36uvopsPBxQwKsq1fYgVdQWUNDV9jizQhngNnSdiFO2NGYAqtZhLn/JSi9CbXH1hXp5rMCEuHDGy5jiYZk/NW5Bl4plQL1ig6/eVgCbDiQ9fS/GAvLBxqtwQU/4T0EP1xY+0k0cJtLQoEoJuQUMK5e3M3ojIjgPYUrqmgWsJ+Wx6WACLLAD5qy3GLBx/1G+R/63i3uFueQbZfxXgL5hDAq9rSA=="

[[package]]
name = "libcap"
version = "2.69-3"
system = "archlinux"
url = "https://archive.archlinux.org/packages/l/libcap/libcap-2.69-3-x86_64.pkg.tar.zst"
sha256 = "2e338a15fe9e9f5211f18131bb3a6e08707bef91b045d582bd0012e2c2bf3d8f"
signature = "iHUEABYKAB0WIQRizHP4hOUpV7L92IObeih9mi7GCAUCZWKJgAAKCRCbeih9mi7GCA0MAP4kop9gk5d/U5mGSQc1kgJa+zfKxkG6DpdYT/cWs0qIqgEA9am+Uyzs1uaCTUzVzAlGV8jPJWip8wVLyqNzK1R5PQQ="

[[package]]
name = "libedit"
version = "20230828_3.1-1"
system = "archlinux"
url = "https://archive.archlinux.org/packages/l/libedit/libedit-20230828_3.1-1-x86_64.pkg.tar.zst"
sha256 = "e41d9f9d4787ecdf58e451e63b5f74dd17854d5065011f8d094994b9fd458b8c"
signature = "iQEzBAABCAAdFiEEFRnVq6Zb9vwrc8dWek52CV2KUuQFAmTwa38ACgkQek52CV2KUuTLWwf+OHcEEwEzr6+rbSMmIvuyxuYZ656pvt42P2cgGIHdlGRJEYNJtOnP3hKcD8shJzgSRNNSxHxe3385088pcSWdBd1X8aSxa2iBFrT09iAdfh7IgZE/doQmuXKuFP+sN+T0o+vTlS2QPFFymS7hax7miiThrZvzxZsxCRhbXsxf3/bW+9Z+/E/Zkk+dFR5Oj3aPLbgyNtyfCon8eyPmXg4vGgWUCowms14kiO8WT4OA5RE3UYBhnRpO5DOoIfbshoUqcXh9/3QMJoveiBdaQmbkGARSORivYednCk6kenMlEzS0ej01lqvgz4PMdZ+xPYQSe3YYebqFr55Z6+iipGjE8g=="

[[package]]
name = "libgcrypt"
version = "1.10.3-1"
system = "archlinux"
url = "https://archive.archlinux.org/packages/l/libgcrypt/libgcrypt-1.10.3-1-x86_64.pkg.tar.zst"
sha256 = "f058a4ba7c47de8c1a72b035a37139bc4bcad76de524fa4c958fce40a0044e11"
signature = "iQEzBAABCgAdFiEErcih/MFeAdRTEEGelGV6sg8qCSsFAmVVG94ACgkQlGV6sg8qCSsZxwf+OzXCAVUGbQVI/oS9mmFDM9sf4j51074iAzdcKemsd+xuxf8W+l7FxfoznUXUdN7wAGqX4VGL5SPGOBpCEKk/LSyMCsWa+oiUzm+AaLMiVpwqmFq96ylNh9vtavdC2QCLImf89vtN9UkiPVTEwLUt3A0mz7usHk7uTWkMs42PPBzD6GQB5+5ATGRc9p7f4DeTgqVaO0Pk9L5RAOt3wqgmGMqJ2P7IKcbzZ/TKTqLwnwqFEijDrpMTAgwSY9oKLcSf2v22Gd3fLRYvF/SlebDcrmH56k571H4GCx8EgQmYdXOPHVXXcSztCUDKTiWnlR2pYpurSkOHJgoDP3hkt98cfw=="

[[package]]
name = "libisl"
version = "0.26-1"
system = "archlinux"
url = "https://archive.archlinux.org/packages/l/libisl/libisl-0.26-1-x86_64.pkg.tar.zst"
sha256 = "b6f495748d9c877c15e47e9691e09d86139cd234e1990a97c531d8d8c9f993b3"
signature = "iNUEABYKAH0WIQQFx3danouXdAf+COadTFqhVCbaCgUCZCq2IV8UgAAAAAAuAChpc3N1ZXItZnByQG5vdGF0aW9ucy5vcGVucGdwLmZpZnRoaG9yc2VtYW4ubmV0MDVDNzc3NUE5RThCOTc3NDA3RkUwOEU2OUQ0QzVBQTE1NDI2REEwQQAKCRCdTFqhVCbaCkzKAQCFNdVbwWwjQ8+Ba+iGYklKxxlcAJoUXYPsy1OChLCUpwD+KsxGh2JyiO1aP5WOmsDBRXhqNB07z3dNBVwNL6GwNww="

[[package]]
name = "libksba"
version = "1.6.5-1"
system = "archlinux"
url = "https://archive.archlinux.org/packages/l/libksba/libksba-1.6.5-1-x86_64.pkg.tar.zst"
sha256 = "d0da35e18d4bf003b5f9c7d787d1abcf5095b2a6694db3cc51986c2613369b9c"
signature = "iQEzBAABCAAdFiEEW34/txt/EDKaHAOrdx32Yn7faB8FAmVYlJQACgkQdx32Yn7faB/V9ggAqYW08cCbdG13Cm4EP+eV8ZEzeQW/0w6ZN7hAFgNHUrPGdBt48dYaYX2G/CVwZoq/d1ieMW5vaiK9frIKrKfwoFl5yoQjgA9Brt8Xn6LfG5ltpaxm6E/NftN6r2m+tB1lZb3YEeQfC3E+MKDPHwoIGNLJby0BLsbIf6m80efURWnvZJCylg1NQBNk1Yn4cjN9DQ9Emf161/I8LX+jEU7WIkR4JBRxqE0smKrWFg0M0Rn185A3koU/HI0/izatYXjg/8epvPz1ALNOxgEPXVnt1hZR6N+93zdvJh9Ev9OzSRj18Uja79GlTWA0CsBV7qeu5o+l1veNvuBhfrzllW7/tw=="

[[package]]
name = "libmpc"
version = "1.3.1-1"
system = "archlinux"
url = "https://archive.archlinux.org/packages/l/libmpc/libmpc-1.3.1-1-x86_64.pkg.tar.zst"
sha256 = "a83324a476cae86887aa3e3811b2e72c31471a81be0254e379c244e2df531c1b"
signature = "iQEzBAABCAAdFiEEFRnVq6Zb9vwrc8dWek52CV2KUuQFAmOfE/EACgkQek52CV2KUuRNEwf6AkQRJ6MKo3+8qZ5DoL1AUfEbRy332+0DbmhqVAZAVR6SDYwr8yTYc5L9zWtRYA++Nh0zah4P6o3XXJISOfLLpQHGPI1jZ/1IGTJlCt0yo+KU891YfQQO95TCAa77oT9Njkxr6imF0vP5kR3PA5sEvqD0iCu69s0TQu2uzsVqigNmbWU3LVv47BrF1T+C31Oa6cRWmjDUtn2ls/jYn+BPvuCO9TyH/3d2lQ1CCM+H1cCDcxzBSmaYSVQUbM6x8YAdFKDZKEbwuiCGTwKIV5ZRar4UiiBdeuJzF0vSy51VdcZpvf30HU8VuJ2Q+mv5OfyHjt/HBCkEyn1b+XufIqb0Xg=="

[[package]]
name = "libnl"
version = "3.9.0-1"
system = "archlinux"
url = "https://archive.archlinux.org/packages/l/libnl/libnl-3.9.0-1-x86_64.pkg.tar.zst"
sha256 = "c7495910cd1c278a05847b5f52e2022f519ca2caf690e71fa92ca6f524bdcbbb"
signature = "iHUEABYKAB0WIQQEKYl95fO9rFN6MGltQr3RFuAGjwUCZW46bQAKCRBtQr3RFuAGj10rAQCCrbR4wDVitHkfwrEPcwdIjSY/dmKSVNG8j+YSphRQxQEA4ma+5ltkumpXcU9/dIfdbGj3OA0vOvSF6A/5bkPM7QU="

[[package]]
name = "libp11-kit"
version = "0.25.3-1"
system = "archlinux"
url = "https://archive.archlinux.org/packages/l/libp11-kit/libp11-kit-0.25.3-1-x86_64.pkg.tar.zst"
sha256 = "f63151e2d11cf36d717bdd43cc895ee07b4dbb5cb85532a019f1342a29f24960"
signature = "iIsEABYKADMWIQQGaHodnU+rCLUP2Ss7lKgOUKR3xwUCZVTTCRUcaGVmdGlnQGFyY2hsaW51eC5vcmcACgkQO5SoDlCkd8cebQEAgaxhCgg6acCfxxwhEa7IwQqLFlLHIeLqZYJLqiybyV8BAIDHQQr+4IBxLMjRg71AuyYJcAIWtIwk+jsZczFr2WQC"

[[package]]
name = "libseccomp"
version = "2.5.5-1"
system = "archlinux"
url = "https://archive.archlinux.org/packages/l/libseccomp/libseccomp-2.5.5-1-x86_64.pkg.tar.zst"
sha256 = "4377e74a9f3b782c14ca61cee4aa0187a11f15bf80b62c8bcbe467e263fd3e65"
signature = "iQEzBAABCAAdFiEEFRnVq6Zb9vwrc8dWek52CV2KUuQFAmWH42kACgkQek52CV2KUuR+BAf/QaxgDl4QMKDGtXw5Bok0QrV/0OK0C9QhGeQ86mBaAxZSwAzp2BxOVGEBic1srJ6/pQGVB6sl7NjMx5pZSrr+VNvTKkrDo6E7/313rvsJj245pR7cs7jn+B2CG75agcLl8osCzNAalpNLkaBP5FzFycc3he87FpHFlYZiepGjWOSnPMqjfAvlcMU+ytXHIGR/Cu9ljzKXaySnMbHV35Vmqm1mGuaEt8XxH89ZElCfD7hcuh0W4WoYVfbGL0HS4uyBieRRRunT4/miaa1jcXsUBfzVABp+GX+nNSLLDT2T+DN4F8LEHXk6suWNLk9yDG08ipnCG27CYnKlJ5AyFqKtyA=="

[[package]]
name = "libsecret"
version = "0.21.2-1"
system = "archlinux"
url = "https://archive.archlinux.org/packages/l/libsecret/libsecret-0.21.2-1-x86_64.pkg.tar.zst"
sha256 = "e7f133f71a1a00e9631d351c277f007466b205b1bddd202e1d7e2cb682b931ef"
signature = "iHUEABYKAB0WIQQGaHodnU+rCLUP2Ss7lKgOUKR3xwUCZXTysQAKCRA7lKgOUKR3xxjRAP4plPrT6db+CQj+jxwn/DOuYBeUpXl/AfCiLgUj9Uf4fQEA/qYyYIpL1Soggrr9GdfMwz3pGryfCyBqiUvE5AQ2lw8="

[[package]]
name = "libxml2"
version = "2.12.3-1"
system = "archlinux"
url = "https://archive.archlinux.org/packages/l/libxml2/libxml2-2.12.3-1-x86_64.pkg.tar.zst"
sha256 = "dfbc16caca5fc60f341510cf29b314f352354a526626d83217719d3e498fa031"
signature = "iHUEABYKAB0WIQQGaHodnU+rCLUP2Ss7lKgOUKR3xwUCZXh60AAKCRA7lKgOUKR3x28tAQCVcpFN7GmSux7Rk4QNoSyqMGZtDvAPfd2WlJX4nVcPBQEAtzbjHFKUyhP2HeIEHw8FFiitqOgim3LRw0lPvZLWIgg="

[[package]]
name = "licenses"
version = "20231215-1"
system = "archlinux"
url = "https://archive.archlinux.org/packages/l/licenses/licenses-20231215-1-any.pkg.tar.zst"
sha256 = "e0ddaf2c706d92cfe3fad349322a90c5799d685220b9bfd96f091580b6af7496"
signature = "iHUEABYKAB0WIQRizHP4hOUpV7L92IObeih9mi7GCAUCZXwVVAAKCRCbeih9mi7GCEf9AP0cJ7y7WtxODbnYMN1SD88D+yIcZjgxOOhXGe13pCvybwEAuKXRDa0ETomP8uXqAD7cNpVH21T4RAMR5yo44vCurwA="

[[package]]
name = "llvm-libs"
version = "16.0.6-1"
system = "archlinux"
url = "https://archive.archlinux.org/packages/l/llvm-libs/llvm-libs-16.0.6-1-x86_64.pkg.tar.zst"
sha256 = "156a44aa81be475fec8bcb96f6a5b68a1b3e9d27304caf03f79386565679bf75"
signature = "iQEzBAABCAAdFiEEhs/8qRjPOvRxR1iAUeixSKmZnDQFAmTfjB0ACgkQUeixSKmZnDQFBAf+IXPoe66l3tJD8buJN6S8oynw01J7OcqyhESgkZ6V56hBHjbbWNAhe0e6B30FABZWAXUveihA8yr8kuJJhpalDjfrEPG5rZ69ugpGlhmBhVF58Ao1RtYWBy3khhGjAnN8fC4g0JTYDUB5zkqbxN6f7k/WHQbeZQUvl+DPlpmuXL1hILBSiPzKd6FooYAVLq0yOfXmMvq8OpW7QTlRcvYErdNc1eCnvKBqvs4+JfIkPdFW3L3MUMR7SF/qddc03ti9eRXfXw6HCgfYU+j1nB1nZcOaGwZHNV+mAaFQsb7Y194BZ18LFNvatYP4D4dpAXdsFyvp5ACWo1szuxa1hQEs+w=="

[[package]]
name = "make"
version = "4.4.1-2"
system = "archlinux"
url = "https://archive.archlinux.org/packages/m/make/make-4.4.1-2-x86_64.pkg.tar.zst"
sha256 = "7c1bc0d882f7c8d1bcb305eb7efaabc19ed6afa5a9a443575fa0d5ed57985535"
signature = "iHUEABYKAB0WIQSZH24/B2XPYpWIhYYTmwnaW/DTOAUCZBT0lQAKCRATmwnaW/DTOKwJAP9/kfT3rO0NhbD8wuI6ajzjyKtrl4SfuU0yu/PKByXQOgD/aYSvsyXylJhCadU2smO4LbP2Vj9fnIvEwPvbXbesVQ0="

[[package]]
name = "musl"
version = "1.2.4-1"
system = "archlinux"
url = "https://archive.archlinux.org/packages/m/musl/musl-1.2.4-1-x86_64.pkg.tar.zst"
sha256 = "f585ddabdfde5a29b88193827ccc597f74feb878723da9ce813d882c956e19b0"
signature = "iQJLBAABCAA1FiEEiee5MxxK59f699MFwTIpOVS75K0FAmRRZ5gXHHNwdXB5a2luQGFyY2hsaW51eC5vcmcACgkQwTIpOVS75K1VGhAAwoRqJgoycDFQInlZtrXoreYRhFdIJhknGCtsAWgGvYY5CDrEXQwUR3zHpYahzka6CbAv8aZdL67CIZELQ55f22xFyAIyeBLGl21QsI/A3Isom9+IVrOOsIc1+Z5LNp1LTZkAPiK1j06NWkaRpzL6NaFeUf2ziq8q/3lDfXaalyTmy6hV29ZMp8Gsa0gcsCtremCNJXVRwOB5/Hs9a0YJwOheNHuqEc6Md08N5rrE+HkTxMJB62FZn9ta1UqpejnvLBr5Q5yNKFsDuc67ZY6AIBlS/x2iyPDidvzbULj+5fs+4wllkK0svUCUHcKjBjFazCMX+bzS80EymuyzB4dkPxAxJ2/RVsXvFkhquKzAcFEOyZ/CiJiaRfeTZHzcmA1u6tjcl2wopc886wJgX08YqJrlXNQ5jbgo3jkHCUWlVYau7IF9pb+cekgPX6ut+n4ZzZUbaP0yahmzZq5gPsdHf0uKQoVjgxxGhWz6mrllpy/EeKVks0bj/fiHE9Czn0naLoaO5Y5ww25lg3DrAW3GfgTepRW0aXEoecDM9izGkw8D+BqUyV79z7qE5El/ndymyL8dOxzIFIMNFJePzg2E/Av7inXMV3H6gFs6Tw/LmbzQVi/RRO6k4Bill3Md9udh+0waEa70Gs9n2dxNN4C8R1ubeA2yDzQim0ua8caOmT0="

[[package]]
name = "openssl"
version = "3.2.0-1"
system = "archlinux"
url = "https://archive.archlinux.org/packages/o/openssl/openssl-3.2.0-1-x86_64.pkg.tar.zst"
sha256 = "fe5643d81483778c9935acf55aa698dd82f0ab542f48b8272fda76eb5994e98b"
signature = "iHUEABYKAB0WIQQ+gMoai4n2nLpX2Yp2pe+QVESaXAUCZX6xYAAKCRB2pe+QVESaXG/7AP4rUL+DFswzN4yT6vSH6UkLadYSM6QMTCArdZJSKWstiQD7BpeBL81AwwR6iRiiJVHMe0KmuUx8G0JZYIiOCMk25QM="

[[package]]
name = "p11-kit"
version = "0.25.3-1"
system = "archlinux"
url = "https://archive.archlinux.org/packages/p/p11-kit/p11-kit-0.25.3-1-x86_64.pkg.tar.zst"
sha256 = "032b4c5a11ae3ebf75e451f18a77a4ce2293c17ec0936c7ced90c5f2ae669e4e"
signature = "iIsEABYKADMWIQQGaHodnU+rCLUP2Ss7lKgOUKR3xwUCZVTTCRUcaGVmdGlnQGFyY2hsaW51eC5vcmcACgkQO5SoDlCkd8eOeQEA+UMdpgULptNY8ipa/5WtCvBqEIoTAl9ukqArZ1PV5s4A/RPMgQCqemHqKPYhBM0rZrhUWUzig7MBN9TL7bIG6M4C"

[[package]]
name = "readline"
version = "8.2.007-1"
system = "archlinux"
url = "https://archive.archlinux.org/packages/r/readline/readline-8.2.007-1-x86_64.pkg.tar.zst"
sha256 = "62b2a573cfdd83078609b338cd734703d8b07d7cda8502c2698ad2c269c29444"
signature = "iQEzBAABCAAdFiEEW34/txt/EDKaHAOrdx32Yn7faB8FAmVeHvIACgkQdx32Yn7faB95pAf+N7yFoSdy8AqCbSYDMYO4iwXMxS/q0NP7HZgUqjCf4mMbTCgKQD7Qk6zQnDGhREWcEoM13brgn9LDB1/AvDkHPfPCfKWU3qjE5LCUxS7lLS22wjyxNLZAasyGtMbkwRWxyxB43i1Gks0idR4LrT8AkcTjhAvIOttzBv8t5QDIcu1N+w+U47fT6mxa4yBA9eIP6kuryaItl+xFPMispgWTyOEwf/2koBOX9KLAaDaAdt6PAI+TWgwvmZ98X7PO8NtzbK9KI+m+KMiJTANkmjkBAgRSk2bsEdGGic6zARtywMvOBpEGF6Qr/1vU4U9yjt22wHSTmu4JQ6OJ99lcylENnA=="

[[package]]
name = "rust"
version = "1:1.74.1-1"
system = "archlinux"
url = "https://archive.archlinux.org/packages/r/rust/rust-1:1.74.1-1-x86_64.pkg.tar.zst"
sha256 = "a5166913d87be91b5a6b5ca8f3a3b7de3ad32b2f020efdba174bb8388240d823"
signature = "iHUEABYKAB0WIQQGaHodnU+rCLUP2Ss7lKgOUKR3xwUCZXHjkQAKCRA7lKgOUKR3xyjAAP9iBG647XktRPSrOtNy9ywZ5xLp/cWp7rrklCT4ewLFPAEAyI//fZnVInKV7BSwlRsa5MEuR582B7AWcQOZ17Qr0Qk="

[[package]]
name = "rust-musl"
version = "1:1.74.1-1"
system = "archlinux"
url = "https://archive.archlinux.org/packages/r/rust-musl/rust-musl-1:1.74.1-1-x86_64.pkg.tar.zst"
sha256 = "2b22a09396a267ebe9205035774437c44ec08901358ab8cae30aee9bcfcce51e"
signature = "iHUEABYKAB0WIQQGaHodnU+rCLUP2Ss7lKgOUKR3xwUCZXHjkgAKCRA7lKgOUKR3x4bFAQCGVWXPEsbtWd7LU5npQsNfaI+Z8/4EXyDdyBj2fKNQegD/eCJ3n9SLd7vCLVvOzOKzHvMKs86vRjX/GNQcXyLMqAA="

[[package]]
name = "sqlite"
version = "3.44.2-2"
system = "archlinux"
url = "https://archive.archlinux.org/packages/s/sqlite/sqlite-3.44.2-2-x86_64.pkg.tar.zst"
sha256 = "7c7ff180693b24d5e4f170621e9f13126b23d59440a315588b3cc444bc8fc693"
signature = "iQEzBAABCAAdFiEErcih/MFeAdRTEEGelGV6sg8qCSsFAmVjT00ACgkQlGV6sg8qCSvBfAgAs8FCCD5cezTsNNmYYmBXDN4gE1oe4GIUA2uR6NgLhSDBxo3swPIGNBxapRBdOxBQRT+B/gsHV255RDxtwdtaQqzv8vbiRPzuxtyihJPcAsXDTK4yB+Z0YTF2pZtN1WhRbiYneMXRmcajNMAt5TP4zwMOdub9Y4SOWE/Zcxzmy9feWwruVdVIlQIeEibfH/nKmTheXGSEnkva6ISVIZyCK65e4yg6RutBieYWVQlNdeJBPI7t9x43RYRFHgCJGi/XIsxxQEg9MCKjnwtZ2d9nhpTb7jCVVucYAwtb2/3GlWRsiknuHEJbrgRPgcnsyX7NfIOpAfx7oRRWNzEF5+47tg=="

[[package]]
name = "systemd"
version = "255.2-1"
system = "archlinux"
url = "https://archive.archlinux.org/packages/s/systemd/systemd-255.2-1-x86_64.pkg.tar.zst"
sha256 = "62ce08a3b9e7f9e7ce342b856e234b47db980649fbb99bddf3c18fa97a06df92"
signature = "iHUEABYKAB0WIQQEKYl95fO9rFN6MGltQr3RFuAGjwUCZYgUZAAKCRBtQr3RFuAGj96UAQDFrdpWWieaLn7JFgU66/MDrnqnDv9c4a4pGyZxQOC3BAEAhjG58mzCOZ35dSQFYg5X/NdFjW+QEznSFje7FI0LTQQ="

[[package]]
name = "systemd-libs"
version = "255.2-1"
system = "archlinux"
url = "https://archive.archlinux.org/packages/s/systemd-libs/systemd-libs-255.2-1-x86_64.pkg.tar.zst"
sha256 = "3cacd0c6eb4856729d3e6cfba30bb9e34c755affc66dd5e6f05520fde5b6e53a"
signature = "iHUEABYKAB0WIQQEKYl95fO9rFN6MGltQr3RFuAGjwUCZYgUZAAKCRBtQr3RFuAGjwFHAQDGI1S272HvcLcjZUYSBIC0b83iSXD1KQDQxQJOwFa5pgEA9vOe6qB2J2aLIcWApdsiKtTOqSPaTUSdlTQ/w1AUlA4="

[[package]]
name = "systemd-sysvcompat"
version = "255.2-1"
system = "archlinux"
url = "https://archive.archlinux.org/packages/s/systemd-sysvcompat/systemd-sysvcompat-255.2-1-x86_64.pkg.tar.zst"
sha256 = "69c563c344be37609d414cf6ed96de34da1f70749616b2b1ed63095c349742d7"
signature = "iHUEABYKAB0WIQQEKYl95fO9rFN6MGltQr3RFuAGjwUCZYgUZAAKCRBtQr3RFuAGjxiIAQCKWe0iFc59JXlqfTbj5PTecfMQ4bPgk/N6EEQwSfJucAD/dWztnAMSXs/HEHzvTBtUbHJbVPl3bFHMWHVKuAq2uQM="

[[package]]
name = "tzdata"
version = "2023d-1"
system = "archlinux"
url = "https://archive.archlinux.org/packages/t/tzdata/tzdata-2023d-1-x86_64.pkg.tar.zst"
sha256 = "e9caff3cba824ebcb38382a7fdea5774bc50dfc20ca46c15b78e5573e1ec7236"
signature = "iQEzBAABCAAdFiEErcih/MFeAdRTEEGelGV6sg8qCSsFAmWF6wgACgkQlGV6sg8qCSvlrAf+MPrkQrhcnS6Fs/IeaIKA6+j2PLPc9F0TIJrjeupGFc9COgAN1ZcBqOxX51gZh2c3e1Fr6Q5TEx9tyjb4L47R5aoyKjANwAvRHRqmNy7aTQjrTNr7LH1Jb11FKw2EYdVMWryv6aqbfeecXzRPmIxuKMt5HwzEtVlWQ54Q+KZKXcQdAoFmDyCnECBZB2eHjIhVrUSaNVv+Vj5BmvjQgKFqGTWf+c3E2p+LMEPSt0cZFMHDnHKPLAzPeXkEw39K4KY2fPM3yHWGRkuvLQeL0T3NLhACOJcZTiFzvou9wZj/mI70sn/0z2WCpWAjxBzbpsU6CWNexHac/g1B2LgiwLPIfQ=="

[[package]]
name = "util-linux"
version = "2.39.3-1"
system = "archlinux"
url = "https://archive.archlinux.org/packages/u/util-linux/util-linux-2.39.3-1-x86_64.pkg.tar.zst"
sha256 = "42d5e2258b8488c921d2b5e7c99385ea3e3ac3104fc822141773b37c7c0eae7b"
signature = "iHUEABYKAB0WIQQEKYl95fO9rFN6MGltQr3RFuAGjwUCZW48PAAKCRBtQr3RFuAGj9p+AQCPF6S4dHg5OwiuhSznB8KlVx5sxUzVl8Xek0fs8Ty5kAD/dRzGUryq5oqXfw12yRp+cYj/Sa9hhbGn8c0Ozy+vvQ8="

[[package]]
name = "util-linux-libs"
version = "2.39.3-1"
system = "archlinux"
url = "https://archive.archlinux.org/packages/u/util-linux-libs/util-linux-libs-2.39.3-1-x86_64.pkg.tar.zst"
sha256 = "d26541bf37205bbdcabf978b7f10666e6b87290e8e2c53aa6e9663b9c37a50f8"
signature = "iHUEABYKAB0WIQQEKYl95fO9rFN6MGltQr3RFuAGjwUCZW48PAAKCRBtQr3RFuAGjzItAQCMJPst9GsgpPZNsnIoA7ub3QigyZftP0dOEDeUFLgmvAD+JFZqCOe4A23RkWBz+XHENLNuKtTUBs6CREbMeDCyxwc="
