[container]
image = "docker.io/library/archlinux@sha256:6568d3f1f278827a4a7d8537f80c2ae36982829a0c6bccff4cec081774025472"

[[package]]
name = "archlinux-keyring"
version = "20230704-1"
system = "archlinux"
url = "https://archive.archlinux.org/packages/a/archlinux-keyring/archlinux-keyring-20230704-1-any.pkg.tar.zst"
sha256 = "6a3d2acaa396c4bd72fe3f61a3256d881e3fc2cf326113cf331f168e36dd9a3c"
signature = "iHUEABYIAB0WIQQEKYl95fO9rFN6MGltQr3RFuAGjwUCZKPPXgAKCRBtQr3RFuAGj9oXAP94RQ1sKD53/RxVYlVEEOjKHvOmrWvDkt1veMYygnlnIgD+MLg/TT6d71kE8F08+JH+EcnG7wQow5Xr/qBo1VPLdgQ="

[[package]]
name = "binutils"
version = "2.40-6"
system = "archlinux"
url = "https://archive.archlinux.org/packages/b/binutils/binutils-2.40-6-x86_64.pkg.tar.zst"
sha256 = "b65fd16001578e10b602e577a8031cbfffc1164caf47ed9ba00c60d804519430"
signature = "iNUEABYKAH0WIQQFx3danouXdAf+COadTFqhVCbaCgUCZG6Rg18UgAAAAAAuAChpc3N1ZXItZnByQG5vdGF0aW9ucy5vcGVucGdwLmZpZnRoaG9yc2VtYW4ubmV0MDVDNzc3NUE5RThCOTc3NDA3RkUwOEU2OUQ0QzVBQTE1NDI2REEwQQAKCRCdTFqhVCbaCge2AQD/LGBeHRaeO8xh4E/bAYfqd1O/OFqk2DrQBJ73cdKl2gD9EC8p4U/cXQK8V774m6LSS50usH5pxcQWEq/H0SF+FgM="

[[package]]
name = "gc"
version = "8.2.4-1"
system = "archlinux"
url = "https://archive.archlinux.org/packages/g/gc/gc-8.2.4-1-x86_64.pkg.tar.zst"
sha256 = "08da155927714ae799c9c5ec7c574f4e88a85b47873d2613a0afe35c635aa8cc"
signature = "iNUEABYKAH0WIQQFx3danouXdAf+COadTFqhVCbaCgUCZHH0pV8UgAAAAAAuAChpc3N1ZXItZnByQG5vdGF0aW9ucy5vcGVucGdwLmZpZnRoaG9yc2VtYW4ubmV0MDVDNzc3NUE5RThCOTc3NDA3RkUwOEU2OUQ0QzVBQTE1NDI2REEwQQAKCRCdTFqhVCbaCpMFAQDS7j8y2YPGnIuUh9OJkh3PE5EjNpRhLmcOHlMkQe/bFwEAmBv3KFkpYFqtKwLLs+Xe66WOGMZKvWMeZv08dB93SQw="

[[package]]
name = "gcc"
version = "13.1.1-1"
system = "archlinux"
url = "https://archive.archlinux.org/packages/g/gcc/gcc-13.1.1-1-x86_64.pkg.tar.zst"
sha256 = "cd3a7e2bac988547dd3f25112ffcc8350650e2a9ec4db8cda46466dfc0f2234a"
signature = "iNUEABYKAH0WIQQFx3danouXdAf+COadTFqhVCbaCgUCZE6DcF8UgAAAAAAuAChpc3N1ZXItZnByQG5vdGF0aW9ucy5vcGVucGdwLmZpZnRoaG9yc2VtYW4ubmV0MDVDNzc3NUE5RThCOTc3NDA3RkUwOEU2OUQ0QzVBQTE1NDI2REEwQQAKCRCdTFqhVCbaCrnLAP9ijGUTktiXvtQ+y7kMyp9RO3JGzuEca9t/rKNC9WekdAEAleFfXSruq7Lo4iw25nlJ29GDpKlwTPQleLMO7GonIA4="

[[package]]
name = "gettext"
version = "0.22-1"
system = "archlinux"
url = "https://archive.archlinux.org/packages/g/gettext/gettext-0.22-1-x86_64.pkg.tar.zst"
sha256 = "6bdf793ed199a833cf4a4ea7e7405de59d48206a119872d2b02f27852ebff0ac"
signature = "iQEzBAABCAAdFiEEW34/txt/EDKaHAOrdx32Yn7faB8FAmShNVkACgkQdx32Yn7faB8pEQgAgy6mzXvbIl5KTRqpVT/2qHK+Tk/a+R++fgw2KGk032Gh2+kbkQj6cBHRla0Bh//ekGTj7pENlmSNGCp2bSnHcZt2cIg2Jm0oi6JOcuVtsB83wMDSRdtMr2Sb8wuZnG/nmTJotMkJ9hHq5Q4I5VmBSJwoc8sKQWrQX+ElXPvBJ9mY5ldvAxYCGnTZCzvyh2fepB5MQBc0FTEEA3X32k+cb8zjwTDuDFS6LmcHbm25sZlC8JfQ3m2ZGUiR4MrQuouWml8WyJldZeatsCdNHxZ23kI9mh4DTzd7ipshUXrhDi5cN8oOMA2xAEaVkspAY9ifwMKsj/BXxaGldxEKaTndSA=="

[[package]]
name = "guile"
version = "3.0.9-1"
system = "archlinux"
url = "https://archive.archlinux.org/packages/g/guile/guile-3.0.9-1-x86_64.pkg.tar.zst"
sha256 = "1c17a7b5c3c9c6ca580c76b36080603587bd2dc39a2c3cb0f07d755da05126ab"
signature = "iNUEABYKAH0WIQQFx3danouXdAf+COadTFqhVCbaCgUCY9Gy3F8UgAAAAAAuAChpc3N1ZXItZnByQG5vdGF0aW9ucy5vcGVucGdwLmZpZnRoaG9yc2VtYW4ubmV0MDVDNzc3NUE5RThCOTc3NDA3RkUwOEU2OUQ0QzVBQTE1NDI2REEwQQAKCRCdTFqhVCbaCt5aAQDMcoBQsIEeLWacejGD+7TLT6F3Nu1Q3KDaNAZojqkwmQEAsvIVi/edva/VSJY9fHvmrcdV7jJrRjqglpWinxuWPQI="

[[package]]
name = "hwdata"
version = "0.372-1"
system = "archlinux"
url = "https://archive.archlinux.org/packages/h/hwdata/hwdata-0.372-1-any.pkg.tar.zst"
sha256 = "8f74a45fd6bf52cffa7ecf55f57c0843a9bb02670982a570512d20abb0acb915"
signature = "iQEzBAABCAAdFiEEW34/txt/EDKaHAOrdx32Yn7faB8FAmSiwZ4ACgkQdx32Yn7faB+GJwf/aV67WHBrsA+jFl2dldxenTcjPKeJVq7EcSLX8dbt/WVT68IZpCoVAPtMKri5gkF97Z+L/h42/vfhzHq9DSVhezWQl1zPgYltXWviU9xZC2wGOenJ7PLDKjnsGESnBuGDS7M296efHpiDD2Os7h2WT5B2ZouPSoxRMDlimVmbCtFBZ3VD6nJ1G9NEc4Ee0IMvnlLoCaOiK8liWB/yfRpL0DP+SMfJtWeujwMw2/QxdLWHvvpOQI5WEi35Pd8l5DConQpyCYE/Z45N3MrOslqzi071gqXRENHAHc0cl9fzjSR/FT4lZgNEcYQi2H3HuZb3NJyBgEGpfAScVQYhJRXVlA=="

[[package]]
name = "jansson"
version = "2.14-2"
system = "archlinux"
url = "https://archive.archlinux.org/packages/j/jansson/jansson-2.14-2-x86_64.pkg.tar.zst"
sha256 = "de45a1cfa23faf16681b9809c4dd375549268b19dd37fe23f96ef8717ac35095"
signature = "iQEzBAABCAAdFiEEFRnVq6Zb9vwrc8dWek52CV2KUuQFAmJyQS8ACgkQek52CV2KUuSqUwf9H9g/0lroLE8fHR7G3Dcy4OILPGZPkt5HOiJBYdnhi0eWJyetHRCSFsMWiZk9HUJHoVbZH28Z3F75UQfI3cWAThSz1HzUMGvEWF/uTpOKENiwY4egQ0pA88eX6kvTt0BuCLA6JZso6VBz2kzYue4uV/B6otdStx6wf6AfDAIha1jWTButBv/pxpAcTJOp157S4Y+NO59NSn672iTm9CQxWcSSo6Bxfimu86kjceXTj/HK+aZ1onjnD7jtOjsrQOBO63thwouju8yNyD/yjeXzOw5KgsZ4c7gu0Wg10MlcM79G2EYXWFbq5/ARxBkEd49fYhDWaPriGz8bO9ri41vGUw=="

[[package]]
name = "libedit"
version = "20221030_3.1-1"
system = "archlinux"
url = "https://archive.archlinux.org/packages/l/libedit/libedit-20221030_3.1-1-x86_64.pkg.tar.zst"
sha256 = "4d6c079024014b5683fef2ed27f82b3c0ca066bba52d4817446ce8161b89f69c"
signature = "iQIzBAABCgAdFiEE4kC1fixGMLp2ji8m/BtUfI2BcsgFAmP45h8ACgkQ/BtUfI2BcsixEhAAm17WTFd0KfIioFmLRtJCHD0w9Dk73Wtfo9dMDX2UEkotFhwvnbaEehYmaVIUQKH05dm8c7mAH/USTZxPU0IknBIgX6cy9t9rHsKND87FkgzmvLvJaryoV7UKCAwWKinAKxjjixJvIav+/3aNFf6DflMp1jW3zxRy+71c71bc45NQ3tYg3t4/1ChtZ+y/Gf4SplJlzWRZ0pI9qh2EAUJ2gdG7hnecHc+bEwRxCtte5CxqgAT+axrred1Ko49ZSmvWK835DRHWOfYghKEA2Dxh3gdLgy/5Qv1wykRgQ/O3ZVeCzprBtI1xpJIy3dasuRne3FTvBBCtYipE/id1wx2hrj4kkw1U0QXyGYkjvIDHzMuIH7uG7DA9fZ2f6ufWpBx3LhugamB3tnMw4VmoCxxBkMEtSWozX+ZLr9IdyXR3JEcHxhAVZdVGAT6pEQmVU70/9ZJsUPK7ZRsDjhYgteU1Dq7MMq1py43jIEe5Pj6r1xrDi4QfD+O6ID/SCPlKuiVpsJXLuTCK2Si1MXucN+R+AbNFO0Y/WoQzBEB0/P+hp/isHtI1lgwP9ETx7qJpP2pFeoVqy/YuJDhv0hU7Jr9pOorjYeTVhLiw7MfWr7ySmqkGmLQR1gESYDV2E3ACKGYnSlZ3+sA8YypZvLHCsQ87Vw7geNUKG839RIVSfeQsqiM="

[[package]]
name = "libisl"
version = "0.26-1"
system = "archlinux"
url = "https://archive.archlinux.org/packages/l/libisl/libisl-0.26-1-x86_64.pkg.tar.zst"
sha256 = "b6f495748d9c877c15e47e9691e09d86139cd234e1990a97c531d8d8c9f993b3"
signature = "iNUEABYKAH0WIQQFx3danouXdAf+COadTFqhVCbaCgUCZCq2IV8UgAAAAAAuAChpc3N1ZXItZnByQG5vdGF0aW9ucy5vcGVucGdwLmZpZnRoaG9yc2VtYW4ubmV0MDVDNzc3NUE5RThCOTc3NDA3RkUwOEU2OUQ0QzVBQTE1NDI2REEwQQAKCRCdTFqhVCbaCkzKAQCFNdVbwWwjQ8+Ba+iGYklKxxlcAJoUXYPsy1OChLCUpwD+KsxGh2JyiO1aP5WOmsDBRXhqNB07z3dNBVwNL6GwNww="

[[package]]
name = "libksba"
version = "1.6.4-1"
system = "archlinux"
url = "https://archive.archlinux.org/packages/l/libksba/libksba-1.6.4-1-x86_64.pkg.tar.zst"
sha256 = "98520cb2a40b35bb596ebf92d531ef1a2d3b195648ca4ffc8850fada32150397"
signature = "iQEzBAABCAAdFiEEW34/txt/EDKaHAOrdx32Yn7faB8FAmShNmIACgkQdx32Yn7faB/Y9wgAuaiOoz/IWtUL55w8mGRRuyBSXLU2fhQxd3L2tio2A+K6nJBAxmQd60a7h9/bPo7de1Rbnf0yVgcvT23VhSRlCILRbmSK5jLFgCu8/VFqFAG2g4qy/ZpqjPSaRYw/TrDJq7utFaQ1/clBYqG+Ie/m7cjo9q7qKLG36EMyK4pGt2ysVinrm7sNqQMt16an8LeMywL+Z/I+Be2R5IIEOH1VWJCBhcb0N+66POlJH4jBDnA3HhW6kcyRpY3r7Y87wuqtVERWVxXFUSdSqxI7+PCQKB0mG6WmQ7aUcLdTwpVjECve+1FC6Ci9GUD+/FyGNxVGCLidobdrrw2VZgWeo0JYbQ=="

[[package]]
name = "libmpc"
version = "1.3.1-1"
system = "archlinux"
url = "https://archive.archlinux.org/packages/l/libmpc/libmpc-1.3.1-1-x86_64.pkg.tar.zst"
sha256 = "a83324a476cae86887aa3e3811b2e72c31471a81be0254e379c244e2df531c1b"
signature = "iQEzBAABCAAdFiEEFRnVq6Zb9vwrc8dWek52CV2KUuQFAmOfE/EACgkQek52CV2KUuRNEwf6AkQRJ6MKo3+8qZ5DoL1AUfEbRy332+0DbmhqVAZAVR6SDYwr8yTYc5L9zWtRYA++Nh0zah4P6o3XXJISOfLLpQHGPI1jZ/1IGTJlCt0yo+KU891YfQQO95TCAa77oT9Njkxr6imF0vP5kR3PA5sEvqD0iCu69s0TQu2uzsVqigNmbWU3LVv47BrF1T+C31Oa6cRWmjDUtn2ls/jYn+BPvuCO9TyH/3d2lQ1CCM+H1cCDcxzBSmaYSVQUbM6x8YAdFKDZKEbwuiCGTwKIV5ZRar4UiiBdeuJzF0vSy51VdcZpvf30HU8VuJ2Q+mv5OfyHjt/HBCkEyn1b+XufIqb0Xg=="

[[package]]
name = "llvm-libs"
version = "15.0.7-3"
system = "archlinux"
url = "https://archive.archlinux.org/packages/l/llvm-libs/llvm-libs-15.0.7-3-x86_64.pkg.tar.zst"
sha256 = "1dc2ce660bff783a02e1e5022ff4cd73917bf22a81038ec9443d3c6c4463fc2d"
signature = "iQIzBAABCAAdFiEEtZcfLFwQqaCMYAMPeGxj8zDXy5IFAmQxBQIACgkQeGxj8zDXy5Im1Q/9FRCsXHIBGMIG77v2YRqjFA4JgcHTMjHDmSEER/WCVzFJSx4lhXO6v033DqZkODl7osVNto1KsNP4BTMJXkVR+KwrBAgoDTg5geruc5kZ60KkkmAkRU/7puaRbLj1uuoODVcAV2IuFjN1ezS3LBP9O47rfzcAP9GhR7Xrfa50ozX7w1HsfEV11MAujI7sfNZTn94/HdkQfZt9Q63+bniI+B3XPbR888sVbvEquQNISPYpGTPELDRlcJk8/Hf9USQXtIPMlpDLoYaQG3DT5zuI5DjgQKD/YugbehQQNsLZb3sKrygC+8hVSiY46QIWQgjBzJp1Ovk2ge8sofW/qlh8Z4CcqVQICtLj67xq57Y4L6DA9XsPwSe35y7fyspU37ikisQq/ssjyIudOqeWIhOVGmRBoQHhLg+ISJSGZodBjSwjor/RBa1wy9qE99a6SUXLnWBXKjFMHKcZwD/XewcR73QQdOFaT695AG1tz/QPleIMUGnJwVLdS4bBrCSeCBqY585GzubSErglPrUMeQZOSq6TGpK9PxJuK785t6DL+v4r1Ipzbi6etVU7GZUdOIS4xWbH+nPY/qFOB8JeJatK6I0IOOh/DmvJsXPfQTAcOnDuzyJn+enhd+cx2te+FBLu1z174p6iexf+Vh7k6DjH0fYCmoGJnLnRVlmgB5GGW+g="

[[package]]
name = "make"
version = "4.4.1-2"
system = "archlinux"
url = "https://archive.archlinux.org/packages/m/make/make-4.4.1-2-x86_64.pkg.tar.zst"
sha256 = "7c1bc0d882f7c8d1bcb305eb7efaabc19ed6afa5a9a443575fa0d5ed57985535"
signature = "iHUEABYKAB0WIQSZH24/B2XPYpWIhYYTmwnaW/DTOAUCZBT0lQAKCRATmwnaW/DTOKwJAP9/kfT3rO0NhbD8wuI6ajzjyKtrl4SfuU0yu/PKByXQOgD/aYSvsyXylJhCadU2smO4LbP2Vj9fnIvEwPvbXbesVQ0="

[[package]]
name = "musl"
version = "1.2.4-1"
system = "archlinux"
url = "https://archive.archlinux.org/packages/m/musl/musl-1.2.4-1-x86_64.pkg.tar.zst"
sha256 = "f585ddabdfde5a29b88193827ccc597f74feb878723da9ce813d882c956e19b0"
signature = "iQJLBAABCAA1FiEEiee5MxxK59f699MFwTIpOVS75K0FAmRRZ5gXHHNwdXB5a2luQGFyY2hsaW51eC5vcmcACgkQwTIpOVS75K1VGhAAwoRqJgoycDFQInlZtrXoreYRhFdIJhknGCtsAWgGvYY5CDrEXQwUR3zHpYahzka6CbAv8aZdL67CIZELQ55f22xFyAIyeBLGl21QsI/A3Isom9+IVrOOsIc1+Z5LNp1LTZkAPiK1j06NWkaRpzL6NaFeUf2ziq8q/3lDfXaalyTmy6hV29ZMp8Gsa0gcsCtremCNJXVRwOB5/Hs9a0YJwOheNHuqEc6Md08N5rrE+HkTxMJB62FZn9ta1UqpejnvLBr5Q5yNKFsDuc67ZY6AIBlS/x2iyPDidvzbULj+5fs+4wllkK0svUCUHcKjBjFazCMX+bzS80EymuyzB4dkPxAxJ2/RVsXvFkhquKzAcFEOyZ/CiJiaRfeTZHzcmA1u6tjcl2wopc886wJgX08YqJrlXNQ5jbgo3jkHCUWlVYau7IF9pb+cekgPX6ut+n4ZzZUbaP0yahmzZq5gPsdHf0uKQoVjgxxGhWz6mrllpy/EeKVks0bj/fiHE9Czn0naLoaO5Y5ww25lg3DrAW3GfgTepRW0aXEoecDM9izGkw8D+BqUyV79z7qE5El/ndymyL8dOxzIFIMNFJePzg2E/Av7inXMV3H6gFs6Tw/LmbzQVi/RRO6k4Bill3Md9udh+0waEa70Gs9n2dxNN4C8R1ubeA2yDzQim0ua8caOmT0="

[[package]]
name = "rust"
version = "1:1.69.0-3"
system = "archlinux"
url = "https://archive.archlinux.org/packages/r/rust/rust-1%3A1.69.0-3-x86_64.pkg.tar.zst"
sha256 = "b8eb31a2eb80efab27bb68beab80436ed3e1d235a217c3e24ba973936c95839e"
signature = "iIsEABYIADMWIQQGaHodnU+rCLUP2Ss7lKgOUKR3xwUCZExVKBUcaGVmdGlnQGFyY2hsaW51eC5vcmcACgkQO5SoDlCkd8fQkAD6AudRi2qP3WxSn38OOkSRSITciqRevPaVJgrz03JUBEAA/12h9z8dReD07Lqnltx9QTa3Cxppbv7VpJlTCQuavoMG"

[[package]]
name = "rust-musl"
version = "1:1.69.0-3"
system = "archlinux"
url = "https://archive.archlinux.org/packages/r/rust-musl/rust-musl-1%3A1.69.0-3-x86_64.pkg.tar.zst"
sha256 = "5a4854cdac8312dbf72fb87795bcc36bfb34e9218944966e5ac2e62319bbcf22"
signature = "iIsEABYIADMWIQQGaHodnU+rCLUP2Ss7lKgOUKR3xwUCZExVKRUcaGVmdGlnQGFyY2hsaW51eC5vcmcACgkQO5SoDlCkd8cCMQD/W59RkOVPZDXlnmyY27jW61GC86hXOkSLOKa7XMQtpBoBALSugCkG1clSo/EQDbnuS+UY3268HNBvz6mF6i/hhEsB"
