[container]
image = "docker.io/library/archlinux@sha256:76b4733d4c59cdfcae4a5dced7a6611e8621a502f863631328b362c85ac405c9"

[[package]]
name = "binutils"
version = "2.42+r91+g6224493e457-1"
system = "archlinux"
url = "https://archive.archlinux.org/packages/b/binutils/binutils-2.42+r91+g6224493e457-1-x86_64.pkg.tar.zst"
sha256 = "d38f9e7fefdf4101d1ab77739356d5735658c316d45f805879e9b8502b228b1d"
signature = "iNUEABYKAH0WIQQFx3danouXdAf+COadTFqhVCbaCgUCZjqNXF8UgAAAAAAuAChpc3N1ZXItZnByQG5vdGF0aW9ucy5vcGVucGdwLmZpZnRoaG9yc2VtYW4ubmV0MDVDNzc3NUE5RThCOTc3NDA3RkUwOEU2OUQ0QzVBQTE1NDI2REEwQQAKCRCdTFqhVCbaCgpMAQDMEB8dNeJKS2ls2nLniecgjynnznoocjQ67ObHUv8uWQEAsWZ6IV4bUsjNLdD8ACNQrZVr+41FL1UjbINOHOkfWQg="

[[package]]
name = "device-mapper"
version = "2.03.25-2"
system = "archlinux"
url = "https://archive.archlinux.org/packages/d/device-mapper/device-mapper-2.03.25-2-x86_64.pkg.tar.zst"
sha256 = "2b44e1fc72ab24bd4007fb3fe36d602b750ad1061bb1d7df449ee36734a4dd5f"
signature = "iHUEABYKAB0WIQQEKYl95fO9rFN6MGltQr3RFuAGjwUCZpLxdgAKCRBtQr3RFuAGjw8fAQCw/U36/echw6+YVJaq4NkmDalAigiDufv4bOAQVDBjFQEA4g7/Ffw6892VMJjVSXJcCYDtKiuKKBIvX1c7hfvbHQE="

[[package]]
name = "gc"
version = "8.2.6-1"
system = "archlinux"
url = "https://archive.archlinux.org/packages/g/gc/gc-8.2.6-1-x86_64.pkg.tar.zst"
sha256 = "6210a1e7e00d3162f175f9ab318a3da928495210b1ea411dcb66bf5e1f382daf"
signature = "iNUEABYKAH0WIQQFx3danouXdAf+COadTFqhVCbaCgUCZb9oiF8UgAAAAAAuAChpc3N1ZXItZnByQG5vdGF0aW9ucy5vcGVucGdwLmZpZnRoaG9yc2VtYW4ubmV0MDVDNzc3NUE5RThCOTc3NDA3RkUwOEU2OUQ0QzVBQTE1NDI2REEwQQAKCRCdTFqhVCbaCmQdAP0fleaFihboUqrAdlMxvO5OUJiXXxLtimhQj2e3rD9L3gEA0YzMCzi4GS6GlV1pa/hZ68bPL2gYz2goni9/aLXhMwY="

[[package]]
name = "gcc"
version = "14.1.1+r58+gfc9fb69ad62-1"
system = "archlinux"
url = "https://archive.archlinux.org/packages/g/gcc/gcc-14.1.1+r58+gfc9fb69ad62-1-x86_64.pkg.tar.zst"
sha256 = "5f15e2830d965a3c42a9e73829723aa44870cdfc240d0c228ecc9e876feffa15"
signature = "iNUEABYKAH0WIQQFx3danouXdAf+COadTFqhVCbaCgUCZk3zsF8UgAAAAAAuAChpc3N1ZXItZnByQG5vdGF0aW9ucy5vcGVucGdwLmZpZnRoaG9yc2VtYW4ubmV0MDVDNzc3NUE5RThCOTc3NDA3RkUwOEU2OUQ0QzVBQTE1NDI2REEwQQAKCRCdTFqhVCbaClx1APwIlpIm93K+RD0Q9K2C2wmVBzyGM3mn7pQc8VAzJDmWRAEAhyxZQ8g9fDJykLMsIWn1k2rOPVnQJ93bDQGT5MuYGAM="

[[package]]
name = "guile"
version = "3.0.10-1"
system = "archlinux"
url = "https://archive.archlinux.org/packages/g/guile/guile-3.0.10-1-x86_64.pkg.tar.zst"
sha256 = "bf4d1b474045a88c7ad97b1ce56e8dd5786e5a10de02a8d33dc8f041edc8d01d"
signature = "iNUEABYKAH0WIQQFx3danouXdAf+COadTFqhVCbaCgUCZnkshF8UgAAAAAAuAChpc3N1ZXItZnByQG5vdGF0aW9ucy5vcGVucGdwLmZpZnRoaG9yc2VtYW4ubmV0MDVDNzc3NUE5RThCOTc3NDA3RkUwOEU2OUQ0QzVBQTE1NDI2REEwQQAKCRCdTFqhVCbaCruHAQDnjJsHGhq4cae34rHS1z+Hr6yzjVQSxvA6SE9XpredlAD/cstobLSMUsHswxf5df94XkoDPJdJs44uXE/iu9gsgQg="

[[package]]
name = "iproute2"
version = "6.10.0-1"
system = "archlinux"
url = "https://archive.archlinux.org/packages/i/iproute2/iproute2-6.10.0-1-x86_64.pkg.tar.zst"
sha256 = "745c0867cbdc8ef7834154d6fa4d02339fbec48af31f5bdb3e23c741214bf661"
signature = "iHUEABYKAB0WIQQEKYl95fO9rFN6MGltQr3RFuAGjwUCZpdqOAAKCRBtQr3RFuAGjycDAQD1g+nPTDsOdyRx9WHkhq2vecaAW60cbalTJ8m8TgxX4gD/TMBu1IpSxud5fItidhMbFTG/EcNqQe3zLo+x1417ZQ4="

[[package]]
name = "jansson"
version = "2.14-4"
system = "archlinux"
url = "https://archive.archlinux.org/packages/j/jansson/jansson-2.14-4-x86_64.pkg.tar.zst"
sha256 = "a67ab57d4a9b4caa2e718652c392345cdd9c2496d835ab1d0ff1e78ae4429fde"
signature = "iNUEABYKAH0WIQQFx3danouXdAf+COadTFqhVCbaCgUCZjJful8UgAAAAAAuAChpc3N1ZXItZnByQG5vdGF0aW9ucy5vcGVucGdwLmZpZnRoaG9yc2VtYW4ubmV0MDVDNzc3NUE5RThCOTc3NDA3RkUwOEU2OUQ0QzVBQTE1NDI2REEwQQAKCRCdTFqhVCbaCpfCAP4sFnTjSEIn5wDbLWGZOivsWT2SWPG6AgofrnUjaK/UMAD9E2u6D7WJbVTYrvDhVUz3WN6k8bVB8ZODyoIF66GWEw0="

[[package]]
name = "libedit"
version = "20240517_3.1-1"
system = "archlinux"
url = "https://archive.archlinux.org/packages/l/libedit/libedit-20240517_3.1-1-x86_64.pkg.tar.zst"
sha256 = "fa17f759180233be8343ccccb1c3e4ac01cf5367ab141f36ca8830151b7c12be"
signature = "iQIzBAABCgAdFiEE4kC1fixGMLp2ji8m/BtUfI2BcsgFAmZRDMAACgkQ/BtUfI2BcsjfBg/9GJ/xfxU7NKehazazuulK0VWaeXwc2SydHS4lpnqZggkcNtVlJIXzIrIBAK+A06M99NLqJzdrLsCssa5RjlMSxtB8nZYjZIE7M4fivBHgx4N6xUzzSu7PN8G9A1fvnbRFqtcvywP/FeWnmBIsf404BeKhwHB0PkG9RebYmJAKpg1IHhHNBJ/NkYC04Wov4oskzv/HehibIbnvTu6EZQ2f2NyXJVTqUsEkEw5xSEsyob+fgAtMdfufs6xpFskYV9NWniHKxWN9JKy0HwJ764JrxRW5VrrR2Ua/zWQYBi0r71zfrt/mILjkJwWNe0+LzJWpOqD59sjllW2iBeTeH+0A4lG7beaKdhCAAQQUzAPINuCwhpOGvvFhOn04icVPgqFKVegbNbXN+Wad+60HKgQw4AI0XeHo8uTiJOKolObV27OxaQTK2s5qmsrali4zsLlC+G2lYUvrqvWlrtuIIm+6XGNSMDoYovVd2EoBGRrwFCDlfdah8kFa6PY9J1UWQY7mDPJerpgB0IZ0KycxpXvB5I5XzYLKbSEjWZ331jnCWbR+poQfYwMYI2H9ZFy2YN0R/VohaIU70Ux5F24gjUaLYc1Ld9ZzrV1MSMj+D20vdxLCmNoDLfNwwceBbCyisT5GnxAFVWvaX3WwhI/D/jPnBcuEw11FfsHLUaGNIfM+mQQ="

[[package]]
name = "libisl"
version = "0.26-2"
system = "archlinux"
url = "https://archive.archlinux.org/packages/l/libisl/libisl-0.26-2-x86_64.pkg.tar.zst"
sha256 = "c9e75e062e0c63ea4ce8ff3b74ed09400c58e70323362ea98039e8ca89d7dce3"
signature = "iNUEABYKAH0WIQQFx3danouXdAf+COadTFqhVCbaCgUCZjJful8UgAAAAAAuAChpc3N1ZXItZnByQG5vdGF0aW9ucy5vcGVucGdwLmZpZnRoaG9yc2VtYW4ubmV0MDVDNzc3NUE5RThCOTc3NDA3RkUwOEU2OUQ0QzVBQTE1NDI2REEwQQAKCRCdTFqhVCbaCkLXAQC49BDxyJqogwtJnhf2IuViUWKWh8D9STZdlmc27Kwy0wEA3at28YnTA1thVrPW3SmnqteeRH+CEwIh7klsYADidAs="

[[package]]
name = "libmpc"
version = "1.3.1-2"
system = "archlinux"
url = "https://archive.archlinux.org/packages/l/libmpc/libmpc-1.3.1-2-x86_64.pkg.tar.zst"
sha256 = "10554706eb15ed2186fbd55fd5db8fa5919788ac9a75d26c0b9ef5bdfca9d470"
signature = "iQEzBAABCAAdFiEEFRnVq6Zb9vwrc8dWek52CV2KUuQFAmaHCZwACgkQek52CV2KUuRjbAf/TmL9cCMXYTGsNmR2om6kT7XjczfZoFR9AM0FSTUNy5AuNZNUUCfm6ie6F4rFwHc3nETOSojScOZauZlcNiLrVriHYYFSZ8EhKiCJCo68a7KTbceBNoBuT6AEIpGMpIMti/cvWhu8VXl5JIRo8LNPBzDih05aCDUJ2nayKPYNHalDayu87sDXzJYXuzC8KD7XmUa7Kirn0ZpA4VZXc8CUjYYvn0wvRwLKQP4WMpszxmblQWjMVbQxh7dwC+gPtqIANVjoGKMRfr6QpT03XXIEaTBKbMsxeYFvwn+y2JN30t6oFI6LJADZ22VwimEzu06u+x9c+3+pr4k7Py43OCOGmg=="

[[package]]
name = "libnftnl"
version = "1.2.7-1"
system = "archlinux"
url = "https://archive.archlinux.org/packages/l/libnftnl/libnftnl-1.2.7-1-x86_64.pkg.tar.zst"
sha256 = "a64c3f0c74ab3f0d7fb5492a61ae94c771ccf3eae8d01b2bffb90014e862e6df"
signature = "iHUEABYKAB0WIQQEKYl95fO9rFN6MGltQr3RFuAGjwUCZpbtuQAKCRBtQr3RFuAGj87sAP99D+yjZ9PDCPTjiGgu5ueCy4mNVgD2KMBrSAXqs8bqDgEAinRtmbkvB4/SifYQH887mzRNntUivcMtCn5AkpfalQ8="

[[package]]
name = "llvm-libs"
version = "18.1.8-4"
system = "archlinux"
url = "https://archive.archlinux.org/packages/l/llvm-libs/llvm-libs-18.1.8-4-x86_64.pkg.tar.zst"
sha256 = "bb417925759c69584e557666528c728af776b8e815cdd45d3125c725ddf8d9db"
signature = "iQEzBAABCAAdFiEEhs/8qRjPOvRxR1iAUeixSKmZnDQFAmaYGg4ACgkQUeixSKmZnDR4ygf/S2itjSyaPvaiabUUZulYP+rlyQb8hxgYKfAIEBYU1xHRIYBqKuy+9VQMF7o57Jgawbdpk6wRgf2h5rvMj9LY/fpkaPCbK/t13c2zmEAROihuXLTGd6DJwhH9aGVAdDtCs1Nn3w6BnJI78buUCAEi0OGjxOC6RQiAUlPk7g8TKixvJiVgREyrm72TpFeaxzD2UuCw9X0Jj3rlFqmWNqjxoKfQptPUYk2pLZhcJAzFw0tZTd/5zCM+9/gE2AAd0C4lBEF/Xi37RSI3Y80oYFCL91b2x37S1XlYZDAXN/MZqOABCfMXI41HHL8wUX6xARqcTRvaMk3922f2oMZ8ISQyYg=="

[[package]]
name = "make"
version = "4.4.1-2"
system = "archlinux"
url = "https://archive.archlinux.org/packages/m/make/make-4.4.1-2-x86_64.pkg.tar.zst"
sha256 = "7c1bc0d882f7c8d1bcb305eb7efaabc19ed6afa5a9a443575fa0d5ed57985535"
signature = "iHUEABYKAB0WIQSZH24/B2XPYpWIhYYTmwnaW/DTOAUCZBT0lQAKCRATmwnaW/DTOKwJAP9/kfT3rO0NhbD8wuI6ajzjyKtrl4SfuU0yu/PKByXQOgD/aYSvsyXylJhCadU2smO4LbP2Vj9fnIvEwPvbXbesVQ0="

[[package]]
name = "musl"
version = "1.2.5-2"
system = "archlinux"
url = "https://archive.archlinux.org/packages/m/musl/musl-1.2.5-2-x86_64.pkg.tar.zst"
sha256 = "146b60543069d4eb92fd9086ffd6f442ee0a1f41f724445adc29af80693ce2da"
signature = "iQJLBAABCAA1FiEEiee5MxxK59f699MFwTIpOVS75K0FAmaUdzsXHHNwdXB5a2luQGFyY2hsaW51eC5vcmcACgkQwTIpOVS75K2C+g//ddIjb7CKai01nuuzLd9hZQBP51iBe+lYdhv5lxlKaSzQZXHVUGXDAZdb7TaV9pbzdGPE+l5V2ZngivXdR5twUDWOQzvorXdxLgX7trBTghLDTBIKu6jPtrH2bNWrL8A908RumQVeWsOxUcompgAsRpQ4DhZkzk8325k9et0Nv1oQic96B5G1WefE85IYc2PDJeRhfyfnZmQ15aoVhohyhF0XSudlJSc/hqMZePW8tmyYz4ltvgOs4EF3smNwOaZVOew+w/5vOCYaSre5MFwHiilvYJaWhCji10m0MrBzLhRx0ZfRlBwTGbsToRbmczuwMXoYIiJsI2OiXsZD5/X9T5yPjl7pWP7uLaNTXCcbfrCZIWMVBXYQFxnWhUbKFZu8E7eXU2z75GukkC7GjR+VKw+SFH06Xdq73JltIXURRKe03uigC8ciME1xHOMv5kc1pQukQC/hTaR4GPF32pOX27CPQkNQ0dhRi1Cgyt47V+3GncI+mhlY3gJsCv31+Z0kM+WornVJYFSQnO0/frFPJaZUt0ONO7lHU2UMTe2tHm+zFHuHh6xOGaMjdRslrzq0Pby0xMb6nT0HsT1VXfSW30rywN1UPLd3TxAXGkG3SS8szftrLrmK6NAsK5tWfd5H2tiwSibYNnYYYVB720LKBl7bgpGFicdROohXJKqXsvA="

[[package]]
name = "pacman-mirrorlist"
version = "20240717-1"
system = "archlinux"
url = "https://archive.archlinux.org/packages/p/pacman-mirrorlist/pacman-mirrorlist-20240717-1-any.pkg.tar.zst"
sha256 = "a07daec736defd8f90475b904da2bda446be3cdd3c2ef4e0fa85372ea8679d2f"
signature = "iHUEABYKAB0WIQQEKYl95fO9rFN6MGltQr3RFuAGjwUCZpd5PAAKCRBtQr3RFuAGj7AtAQDnEAC7v38gwOs9DnBrS2c82YRRXT9w4ZlC5iRzT1S6vwD/bNyB8/QdOwL9xbOBUH5SDL+oMSfz4Bjca7vfa8Sa3A8="

[[package]]
name = "rust"
version = "1:1.79.0-3"
system = "archlinux"
url = "https://archive.archlinux.org/packages/r/rust/rust-1:1.79.0-3-x86_64.pkg.tar.zst"
sha256 = "1dcf3958ed9b65c7716acd99f12ec3c4fabcaea04d007e9902e9309bb07d8e90"
signature = "iHUEABYKAB0WIQSDvIiJNRtd67toQW64rAhgDxCM3wUCZoY9IgAKCRC4rAhgDxCM3+nxAP4wvfkUMX1qMbcU/1khKbOFp2G8JZFLtMJyjlsZbBUIowEAvsiyM0w+FvlG9hqoB5C36fBQZc6CIYqv4qyA6H2wbQc="

[[package]]
name = "rust-musl"
version = "1:1.79.0-3"
system = "archlinux"
url = "https://archive.archlinux.org/packages/r/rust-musl/rust-musl-1:1.79.0-3-x86_64.pkg.tar.zst"
sha256 = "1f6aa451bf0ae5dc5f8a9a2fb574520314f9841036a96a02f0ccd8bad47113da"
signature = "iHUEABYKAB0WIQSDvIiJNRtd67toQW64rAhgDxCM3wUCZoY9JAAKCRC4rAhgDxCM3y2iAQDmCdeTYYYTQmsyubkE3HCCZkSniDoW2kdlk0PJZ/eMYAD/SdU7d8Wf0m+Z4ieyEtvezox96UJ4jwZviuqSQ40dbAU="
